// !$*UTF8*$!
{
	archiveVersion = 1;
	classes = {
	};
	objectVersion = 46;
	objects = {

/* Begin PBXBuildFile section */
		FB043343176B247C002EA25D /* Cocoa.framework in Frameworks */ = {isa = PBXBuildFile; fileRef = FB043342176B247C002EA25D /* Cocoa.framework */; };
		FB04334D176B247C002EA25D /* InfoPlist.strings in Resources */ = {isa = PBXBuildFile; fileRef = FB04334B176B247C002EA25D /* InfoPlist.strings */; };
		FB04334F176B247C002EA25D /* main.m in Sources */ = {isa = PBXBuildFile; fileRef = FB04334E176B247C002EA25D /* main.m */; };
		FB043353176B247C002EA25D /* Credits.rtf in Resources */ = {isa = PBXBuildFile; fileRef = FB043351176B247C002EA25D /* Credits.rtf */; };
		FB043356176B247C002EA25D /* AppDelegate.m in Sources */ = {isa = PBXBuildFile; fileRef = FB043355176B247C002EA25D /* AppDelegate.m */; };
		FB043373176B3D59002EA25D /* ViewController.m in Sources */ = {isa = PBXBuildFile; fileRef = FB043372176B3D59002EA25D /* ViewController.m */; };
		FB1A32C2176B9B070011BE33 /* libsqlite3.dylib in Frameworks */ = {isa = PBXBuildFile; fileRef = FB1A32C1176B9B070011BE33 /* libsqlite3.dylib */; };
		FB1A3625176B9BE00011BE33 /* README.md in Resources */ = {isa = PBXBuildFile; fileRef = FB1A344B176B9BDF0011BE33 /* README.md */; };
		FB1A3626176B9BE00011BE33 /* ZIMDbConnection.m in Sources */ = {isa = PBXBuildFile; fileRef = FB1A344F176B9BDF0011BE33 /* ZIMDbConnection.m */; };
		FB1A3627176B9BE00011BE33 /* ZIMDbConnectionPool.m in Sources */ = {isa = PBXBuildFile; fileRef = FB1A3451176B9BDF0011BE33 /* ZIMDbConnectionPool.m */; };
		FB1A3628176B9BE00011BE33 /* NSString+ZIMString.m in Sources */ = {isa = PBXBuildFile; fileRef = FB1A3455176B9BDF0011BE33 /* NSString+ZIMString.m */; };
		FB1A3629176B9BE00011BE33 /* ZIMOrmModel.m in Sources */ = {isa = PBXBuildFile; fileRef = FB1A3458176B9BDF0011BE33 /* ZIMOrmModel.m */; };
		FB1A362A176B9BE00011BE33 /* ZIMOrmSelectStatement.m in Sources */ = {isa = PBXBuildFile; fileRef = FB1A345C176B9BDF0011BE33 /* ZIMOrmSelectStatement.m */; };
		FB1A362B176B9BE00011BE33 /* ZIMSqlAlterTableStatement.m in Sources */ = {isa = PBXBuildFile; fileRef = FB1A345F176B9BDF0011BE33 /* ZIMSqlAlterTableStatement.m */; };
		FB1A362C176B9BE00011BE33 /* ZIMSqlAnalyzeStatement.m in Sources */ = {isa = PBXBuildFile; fileRef = FB1A3461176B9BDF0011BE33 /* ZIMSqlAnalyzeStatement.m */; };
		FB1A362D176B9BE00011BE33 /* ZIMSqlAttachStatement.m in Sources */ = {isa = PBXBuildFile; fileRef = FB1A3463176B9BDF0011BE33 /* ZIMSqlAttachStatement.m */; };
		FB1A362E176B9BE00011BE33 /* ZIMSqlCreateIndexStatement.m in Sources */ = {isa = PBXBuildFile; fileRef = FB1A3465176B9BDF0011BE33 /* ZIMSqlCreateIndexStatement.m */; };
		FB1A362F176B9BE00011BE33 /* ZIMSqlCreateTableStatement.m in Sources */ = {isa = PBXBuildFile; fileRef = FB1A3467176B9BDF0011BE33 /* ZIMSqlCreateTableStatement.m */; };
		FB1A3630176B9BE00011BE33 /* ZIMSqlCreateTriggerStatement.m in Sources */ = {isa = PBXBuildFile; fileRef = FB1A3469176B9BDF0011BE33 /* ZIMSqlCreateTriggerStatement.m */; };
		FB1A3631176B9BE00011BE33 /* ZIMSqlCreateViewStatement.m in Sources */ = {isa = PBXBuildFile; fileRef = FB1A346B176B9BDF0011BE33 /* ZIMSqlCreateViewStatement.m */; };
		FB1A3632176B9BE00011BE33 /* ZIMSqlDeleteStatement.m in Sources */ = {isa = PBXBuildFile; fileRef = FB1A3470176B9BDF0011BE33 /* ZIMSqlDeleteStatement.m */; };
		FB1A3633176B9BE00011BE33 /* ZIMSqlDetachStatement.m in Sources */ = {isa = PBXBuildFile; fileRef = FB1A3472176B9BDF0011BE33 /* ZIMSqlDetachStatement.m */; };
		FB1A3634176B9BE00011BE33 /* ZIMSqlDropIndexStatement.m in Sources */ = {isa = PBXBuildFile; fileRef = FB1A3474176B9BDF0011BE33 /* ZIMSqlDropIndexStatement.m */; };
		FB1A3635176B9BE00011BE33 /* ZIMSqlDropTableStatement.m in Sources */ = {isa = PBXBuildFile; fileRef = FB1A3476176B9BDF0011BE33 /* ZIMSqlDropTableStatement.m */; };
		FB1A3636176B9BE00011BE33 /* ZIMSqlDropTriggerStatement.m in Sources */ = {isa = PBXBuildFile; fileRef = FB1A3478176B9BDF0011BE33 /* ZIMSqlDropTriggerStatement.m */; };
		FB1A3637176B9BE00011BE33 /* ZIMSqlDropViewStatement.m in Sources */ = {isa = PBXBuildFile; fileRef = FB1A347A176B9BDF0011BE33 /* ZIMSqlDropViewStatement.m */; };
		FB1A3638176B9BE00011BE33 /* ZIMSqlExplainStatement.m in Sources */ = {isa = PBXBuildFile; fileRef = FB1A347C176B9BDF0011BE33 /* ZIMSqlExplainStatement.m */; };
		FB1A3639176B9BE00011BE33 /* ZIMSqlExpression.m in Sources */ = {isa = PBXBuildFile; fileRef = FB1A347E176B9BDF0011BE33 /* ZIMSqlExpression.m */; };
		FB1A363A176B9BE00011BE33 /* ZIMSqlInsertStatement.m in Sources */ = {isa = PBXBuildFile; fileRef = FB1A3480176B9BDF0011BE33 /* ZIMSqlInsertStatement.m */; };
		FB1A363B176B9BE00011BE33 /* ZIMSqlPreparedStatement.m in Sources */ = {isa = PBXBuildFile; fileRef = FB1A3482176B9BDF0011BE33 /* ZIMSqlPreparedStatement.m */; };
		FB1A363C176B9BE00011BE33 /* ZIMSqlReindexStatement.m in Sources */ = {isa = PBXBuildFile; fileRef = FB1A3484176B9BDF0011BE33 /* ZIMSqlReindexStatement.m */; };
		FB1A363D176B9BE00011BE33 /* ZIMSqlSelectStatement.m in Sources */ = {isa = PBXBuildFile; fileRef = FB1A3487176B9BDF0011BE33 /* ZIMSqlSelectStatement.m */; };
		FB1A363E176B9BE00011BE33 /* ZIMSqlShowColumnsStatement.m in Sources */ = {isa = PBXBuildFile; fileRef = FB1A3489176B9BDF0011BE33 /* ZIMSqlShowColumnsStatement.m */; };
		FB1A363F176B9BE00011BE33 /* ZIMSqlShowGrantsStatement.m in Sources */ = {isa = PBXBuildFile; fileRef = FB1A348B176B9BDF0011BE33 /* ZIMSqlShowGrantsStatement.m */; };
		FB1A3640176B9BE00011BE33 /* ZIMSqlShowTablesStatement.m in Sources */ = {isa = PBXBuildFile; fileRef = FB1A348D176B9BDF0011BE33 /* ZIMSqlShowTablesStatement.m */; };
		FB1A3641176B9BE00011BE33 /* ZIMSqlShowTriggersStatement.m in Sources */ = {isa = PBXBuildFile; fileRef = FB1A348F176B9BDF0011BE33 /* ZIMSqlShowTriggersStatement.m */; };
		FB1A3642176B9BE00011BE33 /* ZIMSqlShowViewsStatement.m in Sources */ = {isa = PBXBuildFile; fileRef = FB1A3491176B9BDF0011BE33 /* ZIMSqlShowViewsStatement.m */; };
		FB1A3643176B9BE00011BE33 /* ZIMSqlTokenizer.m in Sources */ = {isa = PBXBuildFile; fileRef = FB1A3494176B9BDF0011BE33 /* ZIMSqlTokenizer.m */; };
		FB1A3644176B9BE00011BE33 /* ZIMSqlTruncateTableStatement.m in Sources */ = {isa = PBXBuildFile; fileRef = FB1A3497176B9BDF0011BE33 /* ZIMSqlTruncateTableStatement.m */; };
		FB1A3645176B9BE00011BE33 /* ZIMSqlUpdateStatement.m in Sources */ = {isa = PBXBuildFile; fileRef = FB1A3499176B9BDF0011BE33 /* ZIMSqlUpdateStatement.m */; };
		FB1A3646176B9BE00011BE33 /* ZIMSqlUpsertStatement.m in Sources */ = {isa = PBXBuildFile; fileRef = FB1A349B176B9BDF0011BE33 /* ZIMSqlUpsertStatement.m */; };
		FB1A3647176B9BE00011BE33 /* ZIMMessageDigest.m in Sources */ = {isa = PBXBuildFile; fileRef = FB1A349E176B9BDF0011BE33 /* ZIMMessageDigest.m */; };
		FB1A364F176B9C7D0011BE33 /* LaunchpadDatabase.m in Sources */ = {isa = PBXBuildFile; fileRef = FB1A364E176B9C7D0011BE33 /* LaunchpadDatabase.m */; };
		FB5E3714177291DD00FB7CD3 /* Launchpad.icns in Resources */ = {isa = PBXBuildFile; fileRef = FB5E3713177291DC00FB7CD3 /* Launchpad.icns */; };
		FB5E37191773250A00FB7CD3 /* QuartzCore.framework in Frameworks */ = {isa = PBXBuildFile; fileRef = FB5E37181773250A00FB7CD3 /* QuartzCore.framework */; };
		FB5E372F1773472E00FB7CD3 /* README.md in Resources */ = {isa = PBXBuildFile; fileRef = FB5E372C1773472E00FB7CD3 /* README.md */; };
		FB5E37301773472E00FB7CD3 /* VDKQueue.m in Sources */ = {isa = PBXBuildFile; fileRef = FB5E372E1773472E00FB7CD3 /* VDKQueue.m */; };
		FB9E7F4A17749B9E00E17994 /* ScrollView.m in Sources */ = {isa = PBXBuildFile; fileRef = FB9E7F4917749B9E00E17994 /* ScrollView.m */; };
/* End PBXBuildFile section */

/* Begin PBXFileReference section */
		FB04333E176B247C002EA25D /* Deskboard.app */ = {isa = PBXFileReference; explicitFileType = wrapper.application; includeInIndex = 0; path = Deskboard.app; sourceTree = BUILT_PRODUCTS_DIR; };
		FB043342176B247C002EA25D /* Cocoa.framework */ = {isa = PBXFileReference; lastKnownFileType = wrapper.framework; name = Cocoa.framework; path = System/Library/Frameworks/Cocoa.framework; sourceTree = SDKROOT; };
		FB043345176B247C002EA25D /* AppKit.framework */ = {isa = PBXFileReference; lastKnownFileType = wrapper.framework; name = AppKit.framework; path = System/Library/Frameworks/AppKit.framework; sourceTree = SDKROOT; };
		FB043346176B247C002EA25D /* CoreData.framework */ = {isa = PBXFileReference; lastKnownFileType = wrapper.framework; name = CoreData.framework; path = System/Library/Frameworks/CoreData.framework; sourceTree = SDKROOT; };
		FB043347176B247C002EA25D /* Foundation.framework */ = {isa = PBXFileReference; lastKnownFileType = wrapper.framework; name = Foundation.framework; path = System/Library/Frameworks/Foundation.framework; sourceTree = SDKROOT; };
		FB04334A176B247C002EA25D /* Deskboard-Info.plist */ = {isa = PBXFileReference; lastKnownFileType = text.plist.xml; path = "Deskboard-Info.plist"; sourceTree = "<group>"; };
		FB04334C176B247C002EA25D /* en */ = {isa = PBXFileReference; lastKnownFileType = text.plist.strings; name = en; path = en.lproj/InfoPlist.strings; sourceTree = "<group>"; };
		FB04334E176B247C002EA25D /* main.m */ = {isa = PBXFileReference; lastKnownFileType = sourcecode.c.objc; path = main.m; sourceTree = "<group>"; };
		FB043350176B247C002EA25D /* Deskboard-Prefix.pch */ = {isa = PBXFileReference; lastKnownFileType = sourcecode.c.h; path = "Deskboard-Prefix.pch"; sourceTree = "<group>"; };
		FB043352176B247C002EA25D /* en */ = {isa = PBXFileReference; lastKnownFileType = text.rtf; name = en; path = en.lproj/Credits.rtf; sourceTree = "<group>"; };
		FB043354176B247C002EA25D /* AppDelegate.h */ = {isa = PBXFileReference; lastKnownFileType = sourcecode.c.h; path = AppDelegate.h; sourceTree = "<group>"; };
		FB043355176B247C002EA25D /* AppDelegate.m */ = {isa = PBXFileReference; lastKnownFileType = sourcecode.c.objc; path = AppDelegate.m; sourceTree = "<group>"; };
		FB043371176B3D59002EA25D /* ViewController.h */ = {isa = PBXFileReference; fileEncoding = 4; lastKnownFileType = sourcecode.c.h; path = ViewController.h; sourceTree = "<group>"; };
		FB043372176B3D59002EA25D /* ViewController.m */ = {isa = PBXFileReference; fileEncoding = 4; lastKnownFileType = sourcecode.c.objc; path = ViewController.m; sourceTree = "<group>"; };
		FB1A32C1176B9B070011BE33 /* libsqlite3.dylib */ = {isa = PBXFileReference; lastKnownFileType = "compiled.mach-o.dylib"; name = libsqlite3.dylib; path = usr/lib/libsqlite3.dylib; sourceTree = SDKROOT; };
		FB1A344B176B9BDF0011BE33 /* README.md */ = {isa = PBXFileReference; fileEncoding = 4; lastKnownFileType = text; path = README.md; sourceTree = "<group>"; };
		FB1A344E176B9BDF0011BE33 /* ZIMDbConnection.h */ = {isa = PBXFileReference; fileEncoding = 4; lastKnownFileType = sourcecode.c.h; path = ZIMDbConnection.h; sourceTree = "<group>"; };
		FB1A344F176B9BDF0011BE33 /* ZIMDbConnection.m */ = {isa = PBXFileReference; fileEncoding = 4; lastKnownFileType = sourcecode.c.objc; path = ZIMDbConnection.m; sourceTree = "<group>"; };
		FB1A3450176B9BDF0011BE33 /* ZIMDbConnectionPool.h */ = {isa = PBXFileReference; fileEncoding = 4; lastKnownFileType = sourcecode.c.h; path = ZIMDbConnectionPool.h; sourceTree = "<group>"; };
		FB1A3451176B9BDF0011BE33 /* ZIMDbConnectionPool.m */ = {isa = PBXFileReference; fileEncoding = 4; lastKnownFileType = sourcecode.c.objc; path = ZIMDbConnectionPool.m; sourceTree = "<group>"; };
		FB1A3452176B9BDF0011BE33 /* ZIMDbSdk.h */ = {isa = PBXFileReference; fileEncoding = 4; lastKnownFileType = sourcecode.c.h; path = ZIMDbSdk.h; sourceTree = "<group>"; };
		FB1A3454176B9BDF0011BE33 /* NSString+ZIMString.h */ = {isa = PBXFileReference; fileEncoding = 4; lastKnownFileType = sourcecode.c.h; path = "NSString+ZIMString.h"; sourceTree = "<group>"; };
		FB1A3455176B9BDF0011BE33 /* NSString+ZIMString.m */ = {isa = PBXFileReference; fileEncoding = 4; lastKnownFileType = sourcecode.c.objc; path = "NSString+ZIMString.m"; sourceTree = "<group>"; };
		FB1A3457176B9BDF0011BE33 /* ZIMOrmModel.h */ = {isa = PBXFileReference; fileEncoding = 4; lastKnownFileType = sourcecode.c.h; path = ZIMOrmModel.h; sourceTree = "<group>"; };
		FB1A3458176B9BDF0011BE33 /* ZIMOrmModel.m */ = {isa = PBXFileReference; fileEncoding = 4; lastKnownFileType = sourcecode.c.objc; path = ZIMOrmModel.m; sourceTree = "<group>"; };
		FB1A3459176B9BDF0011BE33 /* ZIMOrmModelDelegate.h */ = {isa = PBXFileReference; fileEncoding = 4; lastKnownFileType = sourcecode.c.h; path = ZIMOrmModelDelegate.h; sourceTree = "<group>"; };
		FB1A345A176B9BDF0011BE33 /* ZIMOrmSdk.h */ = {isa = PBXFileReference; fileEncoding = 4; lastKnownFileType = sourcecode.c.h; path = ZIMOrmSdk.h; sourceTree = "<group>"; };
		FB1A345B176B9BDF0011BE33 /* ZIMOrmSelectStatement.h */ = {isa = PBXFileReference; fileEncoding = 4; lastKnownFileType = sourcecode.c.h; path = ZIMOrmSelectStatement.h; sourceTree = "<group>"; };
		FB1A345C176B9BDF0011BE33 /* ZIMOrmSelectStatement.m */ = {isa = PBXFileReference; fileEncoding = 4; lastKnownFileType = sourcecode.c.objc; path = ZIMOrmSelectStatement.m; sourceTree = "<group>"; };
		FB1A345E176B9BDF0011BE33 /* ZIMSqlAlterTableStatement.h */ = {isa = PBXFileReference; fileEncoding = 4; lastKnownFileType = sourcecode.c.h; path = ZIMSqlAlterTableStatement.h; sourceTree = "<group>"; };
		FB1A345F176B9BDF0011BE33 /* ZIMSqlAlterTableStatement.m */ = {isa = PBXFileReference; fileEncoding = 4; lastKnownFileType = sourcecode.c.objc; path = ZIMSqlAlterTableStatement.m; sourceTree = "<group>"; };
		FB1A3460176B9BDF0011BE33 /* ZIMSqlAnalyzeStatement.h */ = {isa = PBXFileReference; fileEncoding = 4; lastKnownFileType = sourcecode.c.h; path = ZIMSqlAnalyzeStatement.h; sourceTree = "<group>"; };
		FB1A3461176B9BDF0011BE33 /* ZIMSqlAnalyzeStatement.m */ = {isa = PBXFileReference; fileEncoding = 4; lastKnownFileType = sourcecode.c.objc; path = ZIMSqlAnalyzeStatement.m; sourceTree = "<group>"; };
		FB1A3462176B9BDF0011BE33 /* ZIMSqlAttachStatement.h */ = {isa = PBXFileReference; fileEncoding = 4; lastKnownFileType = sourcecode.c.h; path = ZIMSqlAttachStatement.h; sourceTree = "<group>"; };
		FB1A3463176B9BDF0011BE33 /* ZIMSqlAttachStatement.m */ = {isa = PBXFileReference; fileEncoding = 4; lastKnownFileType = sourcecode.c.objc; path = ZIMSqlAttachStatement.m; sourceTree = "<group>"; };
		FB1A3464176B9BDF0011BE33 /* ZIMSqlCreateIndexStatement.h */ = {isa = PBXFileReference; fileEncoding = 4; lastKnownFileType = sourcecode.c.h; path = ZIMSqlCreateIndexStatement.h; sourceTree = "<group>"; };
		FB1A3465176B9BDF0011BE33 /* ZIMSqlCreateIndexStatement.m */ = {isa = PBXFileReference; fileEncoding = 4; lastKnownFileType = sourcecode.c.objc; path = ZIMSqlCreateIndexStatement.m; sourceTree = "<group>"; };
		FB1A3466176B9BDF0011BE33 /* ZIMSqlCreateTableStatement.h */ = {isa = PBXFileReference; fileEncoding = 4; lastKnownFileType = sourcecode.c.h; path = ZIMSqlCreateTableStatement.h; sourceTree = "<group>"; };
		FB1A3467176B9BDF0011BE33 /* ZIMSqlCreateTableStatement.m */ = {isa = PBXFileReference; fileEncoding = 4; lastKnownFileType = sourcecode.c.objc; path = ZIMSqlCreateTableStatement.m; sourceTree = "<group>"; };
		FB1A3468176B9BDF0011BE33 /* ZIMSqlCreateTriggerStatement.h */ = {isa = PBXFileReference; fileEncoding = 4; lastKnownFileType = sourcecode.c.h; path = ZIMSqlCreateTriggerStatement.h; sourceTree = "<group>"; };
		FB1A3469176B9BDF0011BE33 /* ZIMSqlCreateTriggerStatement.m */ = {isa = PBXFileReference; fileEncoding = 4; lastKnownFileType = sourcecode.c.objc; path = ZIMSqlCreateTriggerStatement.m; sourceTree = "<group>"; };
		FB1A346A176B9BDF0011BE33 /* ZIMSqlCreateViewStatement.h */ = {isa = PBXFileReference; fileEncoding = 4; lastKnownFileType = sourcecode.c.h; path = ZIMSqlCreateViewStatement.h; sourceTree = "<group>"; };
		FB1A346B176B9BDF0011BE33 /* ZIMSqlCreateViewStatement.m */ = {isa = PBXFileReference; fileEncoding = 4; lastKnownFileType = sourcecode.c.objc; path = ZIMSqlCreateViewStatement.m; sourceTree = "<group>"; };
		FB1A346C176B9BDF0011BE33 /* ZIMSqlDataControlCommand.h */ = {isa = PBXFileReference; fileEncoding = 4; lastKnownFileType = sourcecode.c.h; path = ZIMSqlDataControlCommand.h; sourceTree = "<group>"; };
		FB1A346D176B9BDF0011BE33 /* ZIMSqlDataDefinitionCommand.h */ = {isa = PBXFileReference; fileEncoding = 4; lastKnownFileType = sourcecode.c.h; path = ZIMSqlDataDefinitionCommand.h; sourceTree = "<group>"; };
		FB1A346E176B9BDF0011BE33 /* ZIMSqlDataManipulationCommand.h */ = {isa = PBXFileReference; fileEncoding = 4; lastKnownFileType = sourcecode.c.h; path = ZIMSqlDataManipulationCommand.h; sourceTree = "<group>"; };
		FB1A346F176B9BDF0011BE33 /* ZIMSqlDeleteStatement.h */ = {isa = PBXFileReference; fileEncoding = 4; lastKnownFileType = sourcecode.c.h; path = ZIMSqlDeleteStatement.h; sourceTree = "<group>"; };
		FB1A3470176B9BDF0011BE33 /* ZIMSqlDeleteStatement.m */ = {isa = PBXFileReference; fileEncoding = 4; lastKnownFileType = sourcecode.c.objc; path = ZIMSqlDeleteStatement.m; sourceTree = "<group>"; };
		FB1A3471176B9BDF0011BE33 /* ZIMSqlDetachStatement.h */ = {isa = PBXFileReference; fileEncoding = 4; lastKnownFileType = sourcecode.c.h; path = ZIMSqlDetachStatement.h; sourceTree = "<group>"; };
		FB1A3472176B9BDF0011BE33 /* ZIMSqlDetachStatement.m */ = {isa = PBXFileReference; fileEncoding = 4; lastKnownFileType = sourcecode.c.objc; path = ZIMSqlDetachStatement.m; sourceTree = "<group>"; };
		FB1A3473176B9BDF0011BE33 /* ZIMSqlDropIndexStatement.h */ = {isa = PBXFileReference; fileEncoding = 4; lastKnownFileType = sourcecode.c.h; path = ZIMSqlDropIndexStatement.h; sourceTree = "<group>"; };
		FB1A3474176B9BDF0011BE33 /* ZIMSqlDropIndexStatement.m */ = {isa = PBXFileReference; fileEncoding = 4; lastKnownFileType = sourcecode.c.objc; path = ZIMSqlDropIndexStatement.m; sourceTree = "<group>"; };
		FB1A3475176B9BDF0011BE33 /* ZIMSqlDropTableStatement.h */ = {isa = PBXFileReference; fileEncoding = 4; lastKnownFileType = sourcecode.c.h; path = ZIMSqlDropTableStatement.h; sourceTree = "<group>"; };
		FB1A3476176B9BDF0011BE33 /* ZIMSqlDropTableStatement.m */ = {isa = PBXFileReference; fileEncoding = 4; lastKnownFileType = sourcecode.c.objc; path = ZIMSqlDropTableStatement.m; sourceTree = "<group>"; };
		FB1A3477176B9BDF0011BE33 /* ZIMSqlDropTriggerStatement.h */ = {isa = PBXFileReference; fileEncoding = 4; lastKnownFileType = sourcecode.c.h; path = ZIMSqlDropTriggerStatement.h; sourceTree = "<group>"; };
		FB1A3478176B9BDF0011BE33 /* ZIMSqlDropTriggerStatement.m */ = {isa = PBXFileReference; fileEncoding = 4; lastKnownFileType = sourcecode.c.objc; path = ZIMSqlDropTriggerStatement.m; sourceTree = "<group>"; };
		FB1A3479176B9BDF0011BE33 /* ZIMSqlDropViewStatement.h */ = {isa = PBXFileReference; fileEncoding = 4; lastKnownFileType = sourcecode.c.h; path = ZIMSqlDropViewStatement.h; sourceTree = "<group>"; };
		FB1A347A176B9BDF0011BE33 /* ZIMSqlDropViewStatement.m */ = {isa = PBXFileReference; fileEncoding = 4; lastKnownFileType = sourcecode.c.objc; path = ZIMSqlDropViewStatement.m; sourceTree = "<group>"; };
		FB1A347B176B9BDF0011BE33 /* ZIMSqlExplainStatement.h */ = {isa = PBXFileReference; fileEncoding = 4; lastKnownFileType = sourcecode.c.h; path = ZIMSqlExplainStatement.h; sourceTree = "<group>"; };
		FB1A347C176B9BDF0011BE33 /* ZIMSqlExplainStatement.m */ = {isa = PBXFileReference; fileEncoding = 4; lastKnownFileType = sourcecode.c.objc; path = ZIMSqlExplainStatement.m; sourceTree = "<group>"; };
		FB1A347D176B9BDF0011BE33 /* ZIMSqlExpression.h */ = {isa = PBXFileReference; fileEncoding = 4; lastKnownFileType = sourcecode.c.h; path = ZIMSqlExpression.h; sourceTree = "<group>"; };
		FB1A347E176B9BDF0011BE33 /* ZIMSqlExpression.m */ = {isa = PBXFileReference; fileEncoding = 4; lastKnownFileType = sourcecode.c.objc; path = ZIMSqlExpression.m; sourceTree = "<group>"; };
		FB1A347F176B9BDF0011BE33 /* ZIMSqlInsertStatement.h */ = {isa = PBXFileReference; fileEncoding = 4; lastKnownFileType = sourcecode.c.h; path = ZIMSqlInsertStatement.h; sourceTree = "<group>"; };
		FB1A3480176B9BDF0011BE33 /* ZIMSqlInsertStatement.m */ = {isa = PBXFileReference; fileEncoding = 4; lastKnownFileType = sourcecode.c.objc; path = ZIMSqlInsertStatement.m; sourceTree = "<group>"; };
		FB1A3481176B9BDF0011BE33 /* ZIMSqlPreparedStatement.h */ = {isa = PBXFileReference; fileEncoding = 4; lastKnownFileType = sourcecode.c.h; path = ZIMSqlPreparedStatement.h; sourceTree = "<group>"; };
		FB1A3482176B9BDF0011BE33 /* ZIMSqlPreparedStatement.m */ = {isa = PBXFileReference; fileEncoding = 4; lastKnownFileType = sourcecode.c.objc; path = ZIMSqlPreparedStatement.m; sourceTree = "<group>"; };
		FB1A3483176B9BDF0011BE33 /* ZIMSqlReindexStatement.h */ = {isa = PBXFileReference; fileEncoding = 4; lastKnownFileType = sourcecode.c.h; path = ZIMSqlReindexStatement.h; sourceTree = "<group>"; };
		FB1A3484176B9BDF0011BE33 /* ZIMSqlReindexStatement.m */ = {isa = PBXFileReference; fileEncoding = 4; lastKnownFileType = sourcecode.c.objc; path = ZIMSqlReindexStatement.m; sourceTree = "<group>"; };
		FB1A3485176B9BDF0011BE33 /* ZIMSqlSdk.h */ = {isa = PBXFileReference; fileEncoding = 4; lastKnownFileType = sourcecode.c.h; path = ZIMSqlSdk.h; sourceTree = "<group>"; };
		FB1A3486176B9BDF0011BE33 /* ZIMSqlSelectStatement.h */ = {isa = PBXFileReference; fileEncoding = 4; lastKnownFileType = sourcecode.c.h; path = ZIMSqlSelectStatement.h; sourceTree = "<group>"; };
		FB1A3487176B9BDF0011BE33 /* ZIMSqlSelectStatement.m */ = {isa = PBXFileReference; fileEncoding = 4; lastKnownFileType = sourcecode.c.objc; path = ZIMSqlSelectStatement.m; sourceTree = "<group>"; };
		FB1A3488176B9BDF0011BE33 /* ZIMSqlShowColumnsStatement.h */ = {isa = PBXFileReference; fileEncoding = 4; lastKnownFileType = sourcecode.c.h; path = ZIMSqlShowColumnsStatement.h; sourceTree = "<group>"; };
		FB1A3489176B9BDF0011BE33 /* ZIMSqlShowColumnsStatement.m */ = {isa = PBXFileReference; fileEncoding = 4; lastKnownFileType = sourcecode.c.objc; path = ZIMSqlShowColumnsStatement.m; sourceTree = "<group>"; };
		FB1A348A176B9BDF0011BE33 /* ZIMSqlShowGrantsStatement.h */ = {isa = PBXFileReference; fileEncoding = 4; lastKnownFileType = sourcecode.c.h; path = ZIMSqlShowGrantsStatement.h; sourceTree = "<group>"; };
		FB1A348B176B9BDF0011BE33 /* ZIMSqlShowGrantsStatement.m */ = {isa = PBXFileReference; fileEncoding = 4; lastKnownFileType = sourcecode.c.objc; path = ZIMSqlShowGrantsStatement.m; sourceTree = "<group>"; };
		FB1A348C176B9BDF0011BE33 /* ZIMSqlShowTablesStatement.h */ = {isa = PBXFileReference; fileEncoding = 4; lastKnownFileType = sourcecode.c.h; path = ZIMSqlShowTablesStatement.h; sourceTree = "<group>"; };
		FB1A348D176B9BDF0011BE33 /* ZIMSqlShowTablesStatement.m */ = {isa = PBXFileReference; fileEncoding = 4; lastKnownFileType = sourcecode.c.objc; path = ZIMSqlShowTablesStatement.m; sourceTree = "<group>"; };
		FB1A348E176B9BDF0011BE33 /* ZIMSqlShowTriggersStatement.h */ = {isa = PBXFileReference; fileEncoding = 4; lastKnownFileType = sourcecode.c.h; path = ZIMSqlShowTriggersStatement.h; sourceTree = "<group>"; };
		FB1A348F176B9BDF0011BE33 /* ZIMSqlShowTriggersStatement.m */ = {isa = PBXFileReference; fileEncoding = 4; lastKnownFileType = sourcecode.c.objc; path = ZIMSqlShowTriggersStatement.m; sourceTree = "<group>"; };
		FB1A3490176B9BDF0011BE33 /* ZIMSqlShowViewsStatement.h */ = {isa = PBXFileReference; fileEncoding = 4; lastKnownFileType = sourcecode.c.h; path = ZIMSqlShowViewsStatement.h; sourceTree = "<group>"; };
		FB1A3491176B9BDF0011BE33 /* ZIMSqlShowViewsStatement.m */ = {isa = PBXFileReference; fileEncoding = 4; lastKnownFileType = sourcecode.c.objc; path = ZIMSqlShowViewsStatement.m; sourceTree = "<group>"; };
		FB1A3492176B9BDF0011BE33 /* ZIMSqlStatement.h */ = {isa = PBXFileReference; fileEncoding = 4; lastKnownFileType = sourcecode.c.h; path = ZIMSqlStatement.h; sourceTree = "<group>"; };
		FB1A3493176B9BDF0011BE33 /* ZIMSqlTokenizer.h */ = {isa = PBXFileReference; fileEncoding = 4; lastKnownFileType = sourcecode.c.h; path = ZIMSqlTokenizer.h; sourceTree = "<group>"; };
		FB1A3494176B9BDF0011BE33 /* ZIMSqlTokenizer.m */ = {isa = PBXFileReference; fileEncoding = 4; lastKnownFileType = sourcecode.c.objc; path = ZIMSqlTokenizer.m; sourceTree = "<group>"; };
		FB1A3495176B9BDF0011BE33 /* ZIMSqlTransactionControlCommand.h */ = {isa = PBXFileReference; fileEncoding = 4; lastKnownFileType = sourcecode.c.h; path = ZIMSqlTransactionControlCommand.h; sourceTree = "<group>"; };
		FB1A3496176B9BDF0011BE33 /* ZIMSqlTruncateTableStatement.h */ = {isa = PBXFileReference; fileEncoding = 4; lastKnownFileType = sourcecode.c.h; path = ZIMSqlTruncateTableStatement.h; sourceTree = "<group>"; };
		FB1A3497176B9BDF0011BE33 /* ZIMSqlTruncateTableStatement.m */ = {isa = PBXFileReference; fileEncoding = 4; lastKnownFileType = sourcecode.c.objc; path = ZIMSqlTruncateTableStatement.m; sourceTree = "<group>"; };
		FB1A3498176B9BDF0011BE33 /* ZIMSqlUpdateStatement.h */ = {isa = PBXFileReference; fileEncoding = 4; lastKnownFileType = sourcecode.c.h; path = ZIMSqlUpdateStatement.h; sourceTree = "<group>"; };
		FB1A3499176B9BDF0011BE33 /* ZIMSqlUpdateStatement.m */ = {isa = PBXFileReference; fileEncoding = 4; lastKnownFileType = sourcecode.c.objc; path = ZIMSqlUpdateStatement.m; sourceTree = "<group>"; };
		FB1A349A176B9BDF0011BE33 /* ZIMSqlUpsertStatement.h */ = {isa = PBXFileReference; fileEncoding = 4; lastKnownFileType = sourcecode.c.h; path = ZIMSqlUpsertStatement.h; sourceTree = "<group>"; };
		FB1A349B176B9BDF0011BE33 /* ZIMSqlUpsertStatement.m */ = {isa = PBXFileReference; fileEncoding = 4; lastKnownFileType = sourcecode.c.objc; path = ZIMSqlUpsertStatement.m; sourceTree = "<group>"; };
		FB1A349D176B9BDF0011BE33 /* ZIMMessageDigest.h */ = {isa = PBXFileReference; fileEncoding = 4; lastKnownFileType = sourcecode.c.h; path = ZIMMessageDigest.h; sourceTree = "<group>"; };
		FB1A349E176B9BDF0011BE33 /* ZIMMessageDigest.m */ = {isa = PBXFileReference; fileEncoding = 4; lastKnownFileType = sourcecode.c.objc; path = ZIMMessageDigest.m; sourceTree = "<group>"; };
		FB1A364D176B9C7D0011BE33 /* LaunchpadDatabase.h */ = {isa = PBXFileReference; fileEncoding = 4; lastKnownFileType = sourcecode.c.h; path = LaunchpadDatabase.h; sourceTree = "<group>"; };
		FB1A364E176B9C7D0011BE33 /* LaunchpadDatabase.m */ = {isa = PBXFileReference; fileEncoding = 4; lastKnownFileType = sourcecode.c.objc; path = LaunchpadDatabase.m; sourceTree = "<group>"; };
		FB5E3713177291DC00FB7CD3 /* Launchpad.icns */ = {isa = PBXFileReference; lastKnownFileType = image.icns; path = Launchpad.icns; sourceTree = "<group>"; };
		FB5E37181773250A00FB7CD3 /* QuartzCore.framework */ = {isa = PBXFileReference; lastKnownFileType = wrapper.framework; name = QuartzCore.framework; path = System/Library/Frameworks/QuartzCore.framework; sourceTree = SDKROOT; };
		FB5E372C1773472E00FB7CD3 /* README.md */ = {isa = PBXFileReference; fileEncoding = 4; lastKnownFileType = text; path = README.md; sourceTree = "<group>"; };
		FB5E372D1773472E00FB7CD3 /* VDKQueue.h */ = {isa = PBXFileReference; fileEncoding = 4; lastKnownFileType = sourcecode.c.h; path = VDKQueue.h; sourceTree = "<group>"; };
		FB5E372E1773472E00FB7CD3 /* VDKQueue.m */ = {isa = PBXFileReference; fileEncoding = 4; lastKnownFileType = sourcecode.c.objc; path = VDKQueue.m; sourceTree = "<group>"; };
		FB9E7F4817749B9A00E17994 /* ScrollView.h */ = {isa = PBXFileReference; lastKnownFileType = sourcecode.c.h; path = ScrollView.h; sourceTree = "<group>"; };
		FB9E7F4917749B9E00E17994 /* ScrollView.m */ = {isa = PBXFileReference; fileEncoding = 4; lastKnownFileType = sourcecode.c.objc; path = ScrollView.m; sourceTree = "<group>"; };
/* End PBXFileReference section */

/* Begin PBXFrameworksBuildPhase section */
		FB04333B176B247C002EA25D /* Frameworks */ = {
			isa = PBXFrameworksBuildPhase;
			buildActionMask = 2147483647;
			files = (
				FB5E37191773250A00FB7CD3 /* QuartzCore.framework in Frameworks */,
				FB1A32C2176B9B070011BE33 /* libsqlite3.dylib in Frameworks */,
				FB043343176B247C002EA25D /* Cocoa.framework in Frameworks */,
			);
			runOnlyForDeploymentPostprocessing = 0;
		};
/* End PBXFrameworksBuildPhase section */

/* Begin PBXGroup section */
		FB043333176B247C002EA25D = {
			isa = PBXGroup;
			children = (
				FB1CBFA517749A1900CD606A /* Classes */,
				FB5E373117734BBC00FB7CD3 /* Resources */,
				FB043349176B247C002EA25D /* Supporting Files */,
				FB1A364B176B9BE70011BE33 /* Libraries */,
				FB043341176B247C002EA25D /* Frameworks */,
				FB04333F176B247C002EA25D /* Products */,
			);
			sourceTree = "<group>";
		};
		FB04333F176B247C002EA25D /* Products */ = {
			isa = PBXGroup;
			children = (
				FB04333E176B247C002EA25D /* Deskboard.app */,
			);
			name = Products;
			sourceTree = "<group>";
		};
		FB043341176B247C002EA25D /* Frameworks */ = {
			isa = PBXGroup;
			children = (
				FB1A32C1176B9B070011BE33 /* libsqlite3.dylib */,
				FB5E37181773250A00FB7CD3 /* QuartzCore.framework */,
				FB043342176B247C002EA25D /* Cocoa.framework */,
				FB043344176B247C002EA25D /* Other Frameworks */,
			);
			name = Frameworks;
			sourceTree = "<group>";
		};
		FB043344176B247C002EA25D /* Other Frameworks */ = {
			isa = PBXGroup;
			children = (
				FB043345176B247C002EA25D /* AppKit.framework */,
				FB043346176B247C002EA25D /* CoreData.framework */,
				FB043347176B247C002EA25D /* Foundation.framework */,
			);
			name = "Other Frameworks";
			sourceTree = "<group>";
		};
		FB043348176B247C002EA25D /* Controllers */ = {
			isa = PBXGroup;
			children = (
				FB043371176B3D59002EA25D /* ViewController.h */,
				FB043372176B3D59002EA25D /* ViewController.m */,
			);
			path = Controllers;
			sourceTree = "<group>";
		};
		FB043349176B247C002EA25D /* Supporting Files */ = {
			isa = PBXGroup;
			children = (
				FB04334A176B247C002EA25D /* Deskboard-Info.plist */,
				FB04334B176B247C002EA25D /* InfoPlist.strings */,
				FB04334E176B247C002EA25D /* main.m */,
				FB043350176B247C002EA25D /* Deskboard-Prefix.pch */,
				FB043351176B247C002EA25D /* Credits.rtf */,
			);
			path = "Supporting Files";
			sourceTree = "<group>";
		};
		FB1A344D176B9BDF0011BE33 /* db */ = {
			isa = PBXGroup;
			children = (
				FB1A344E176B9BDF0011BE33 /* ZIMDbConnection.h */,
				FB1A344F176B9BDF0011BE33 /* ZIMDbConnection.m */,
				FB1A3450176B9BDF0011BE33 /* ZIMDbConnectionPool.h */,
				FB1A3451176B9BDF0011BE33 /* ZIMDbConnectionPool.m */,
				FB1A3452176B9BDF0011BE33 /* ZIMDbSdk.h */,
			);
			path = db;
			sourceTree = "<group>";
		};
		FB1A3453176B9BDF0011BE33 /* ext */ = {
			isa = PBXGroup;
			children = (
				FB1A3454176B9BDF0011BE33 /* NSString+ZIMString.h */,
				FB1A3455176B9BDF0011BE33 /* NSString+ZIMString.m */,
			);
			path = ext;
			sourceTree = "<group>";
		};
		FB1A3456176B9BDF0011BE33 /* orm */ = {
			isa = PBXGroup;
			children = (
				FB1A3457176B9BDF0011BE33 /* ZIMOrmModel.h */,
				FB1A3458176B9BDF0011BE33 /* ZIMOrmModel.m */,
				FB1A3459176B9BDF0011BE33 /* ZIMOrmModelDelegate.h */,
				FB1A345A176B9BDF0011BE33 /* ZIMOrmSdk.h */,
				FB1A345B176B9BDF0011BE33 /* ZIMOrmSelectStatement.h */,
				FB1A345C176B9BDF0011BE33 /* ZIMOrmSelectStatement.m */,
			);
			path = orm;
			sourceTree = "<group>";
		};
		FB1A345D176B9BDF0011BE33 /* sql */ = {
			isa = PBXGroup;
			children = (
				FB1A345E176B9BDF0011BE33 /* ZIMSqlAlterTableStatement.h */,
				FB1A345F176B9BDF0011BE33 /* ZIMSqlAlterTableStatement.m */,
				FB1A3460176B9BDF0011BE33 /* ZIMSqlAnalyzeStatement.h */,
				FB1A3461176B9BDF0011BE33 /* ZIMSqlAnalyzeStatement.m */,
				FB1A3462176B9BDF0011BE33 /* ZIMSqlAttachStatement.h */,
				FB1A3463176B9BDF0011BE33 /* ZIMSqlAttachStatement.m */,
				FB1A3464176B9BDF0011BE33 /* ZIMSqlCreateIndexStatement.h */,
				FB1A3465176B9BDF0011BE33 /* ZIMSqlCreateIndexStatement.m */,
				FB1A3466176B9BDF0011BE33 /* ZIMSqlCreateTableStatement.h */,
				FB1A3467176B9BDF0011BE33 /* ZIMSqlCreateTableStatement.m */,
				FB1A3468176B9BDF0011BE33 /* ZIMSqlCreateTriggerStatement.h */,
				FB1A3469176B9BDF0011BE33 /* ZIMSqlCreateTriggerStatement.m */,
				FB1A346A176B9BDF0011BE33 /* ZIMSqlCreateViewStatement.h */,
				FB1A346B176B9BDF0011BE33 /* ZIMSqlCreateViewStatement.m */,
				FB1A346C176B9BDF0011BE33 /* ZIMSqlDataControlCommand.h */,
				FB1A346D176B9BDF0011BE33 /* ZIMSqlDataDefinitionCommand.h */,
				FB1A346E176B9BDF0011BE33 /* ZIMSqlDataManipulationCommand.h */,
				FB1A346F176B9BDF0011BE33 /* ZIMSqlDeleteStatement.h */,
				FB1A3470176B9BDF0011BE33 /* ZIMSqlDeleteStatement.m */,
				FB1A3471176B9BDF0011BE33 /* ZIMSqlDetachStatement.h */,
				FB1A3472176B9BDF0011BE33 /* ZIMSqlDetachStatement.m */,
				FB1A3473176B9BDF0011BE33 /* ZIMSqlDropIndexStatement.h */,
				FB1A3474176B9BDF0011BE33 /* ZIMSqlDropIndexStatement.m */,
				FB1A3475176B9BDF0011BE33 /* ZIMSqlDropTableStatement.h */,
				FB1A3476176B9BDF0011BE33 /* ZIMSqlDropTableStatement.m */,
				FB1A3477176B9BDF0011BE33 /* ZIMSqlDropTriggerStatement.h */,
				FB1A3478176B9BDF0011BE33 /* ZIMSqlDropTriggerStatement.m */,
				FB1A3479176B9BDF0011BE33 /* ZIMSqlDropViewStatement.h */,
				FB1A347A176B9BDF0011BE33 /* ZIMSqlDropViewStatement.m */,
				FB1A347B176B9BDF0011BE33 /* ZIMSqlExplainStatement.h */,
				FB1A347C176B9BDF0011BE33 /* ZIMSqlExplainStatement.m */,
				FB1A347D176B9BDF0011BE33 /* ZIMSqlExpression.h */,
				FB1A347E176B9BDF0011BE33 /* ZIMSqlExpression.m */,
				FB1A347F176B9BDF0011BE33 /* ZIMSqlInsertStatement.h */,
				FB1A3480176B9BDF0011BE33 /* ZIMSqlInsertStatement.m */,
				FB1A3481176B9BDF0011BE33 /* ZIMSqlPreparedStatement.h */,
				FB1A3482176B9BDF0011BE33 /* ZIMSqlPreparedStatement.m */,
				FB1A3483176B9BDF0011BE33 /* ZIMSqlReindexStatement.h */,
				FB1A3484176B9BDF0011BE33 /* ZIMSqlReindexStatement.m */,
				FB1A3485176B9BDF0011BE33 /* ZIMSqlSdk.h */,
				FB1A3486176B9BDF0011BE33 /* ZIMSqlSelectStatement.h */,
				FB1A3487176B9BDF0011BE33 /* ZIMSqlSelectStatement.m */,
				FB1A3488176B9BDF0011BE33 /* ZIMSqlShowColumnsStatement.h */,
				FB1A3489176B9BDF0011BE33 /* ZIMSqlShowColumnsStatement.m */,
				FB1A348A176B9BDF0011BE33 /* ZIMSqlShowGrantsStatement.h */,
				FB1A348B176B9BDF0011BE33 /* ZIMSqlShowGrantsStatement.m */,
				FB1A348C176B9BDF0011BE33 /* ZIMSqlShowTablesStatement.h */,
				FB1A348D176B9BDF0011BE33 /* ZIMSqlShowTablesStatement.m */,
				FB1A348E176B9BDF0011BE33 /* ZIMSqlShowTriggersStatement.h */,
				FB1A348F176B9BDF0011BE33 /* ZIMSqlShowTriggersStatement.m */,
				FB1A3490176B9BDF0011BE33 /* ZIMSqlShowViewsStatement.h */,
				FB1A3491176B9BDF0011BE33 /* ZIMSqlShowViewsStatement.m */,
				FB1A3492176B9BDF0011BE33 /* ZIMSqlStatement.h */,
				FB1A3493176B9BDF0011BE33 /* ZIMSqlTokenizer.h */,
				FB1A3494176B9BDF0011BE33 /* ZIMSqlTokenizer.m */,
				FB1A3495176B9BDF0011BE33 /* ZIMSqlTransactionControlCommand.h */,
				FB1A3496176B9BDF0011BE33 /* ZIMSqlTruncateTableStatement.h */,
				FB1A3497176B9BDF0011BE33 /* ZIMSqlTruncateTableStatement.m */,
				FB1A3498176B9BDF0011BE33 /* ZIMSqlUpdateStatement.h */,
				FB1A3499176B9BDF0011BE33 /* ZIMSqlUpdateStatement.m */,
				FB1A349A176B9BDF0011BE33 /* ZIMSqlUpsertStatement.h */,
				FB1A349B176B9BDF0011BE33 /* ZIMSqlUpsertStatement.m */,
			);
			path = sql;
			sourceTree = "<group>";
		};
		FB1A349C176B9BDF0011BE33 /* util */ = {
			isa = PBXGroup;
			children = (
				FB1A349D176B9BDF0011BE33 /* ZIMMessageDigest.h */,
				FB1A349E176B9BDF0011BE33 /* ZIMMessageDigest.m */,
			);
			path = util;
			sourceTree = "<group>";
		};
		FB1A364B176B9BE70011BE33 /* Libraries */ = {
			isa = PBXGroup;
			children = (
				FB5E372B1773472E00FB7CD3 /* VDKQueue */,
				FB1A364C176B9BF80011BE33 /* SQL Query Builder */,
			);
			path = Libraries;
			sourceTree = SOURCE_ROOT;
		};
		FB1A364C176B9BF80011BE33 /* SQL Query Builder */ = {
			isa = PBXGroup;
			children = (
				FB1A344D176B9BDF0011BE33 /* db */,
				FB1A3453176B9BDF0011BE33 /* ext */,
				FB1A3456176B9BDF0011BE33 /* orm */,
				FB1A345D176B9BDF0011BE33 /* sql */,
				FB1A349C176B9BDF0011BE33 /* util */,
				FB1A344B176B9BDF0011BE33 /* README.md */,
			);
			path = "SQL Query Builder";
			sourceTree = "<group>";
		};
		FB1CBFA11774994F00CD606A /* Models */ = {
			isa = PBXGroup;
			children = (
				FB1A364D176B9C7D0011BE33 /* LaunchpadDatabase.h */,
				FB1A364E176B9C7D0011BE33 /* LaunchpadDatabase.m */,
			);
			path = Models;
			sourceTree = "<group>";
		};
		FB1CBFA21774996B00CD606A /* Views */ = {
			isa = PBXGroup;
			children = (
				FB9E7F4817749B9A00E17994 /* ScrollView.h */,
				FB9E7F4917749B9E00E17994 /* ScrollView.m */,
			);
			path = Views;
			sourceTree = "<group>";
		};
		FB1CBFA3177499D700CD606A /* AppDelegate */ = {
			isa = PBXGroup;
			children = (
				FB043354176B247C002EA25D /* AppDelegate.h */,
				FB043355176B247C002EA25D /* AppDelegate.m */,
			);
			path = AppDelegate;
			sourceTree = "<group>";
		};
		FB1CBFA4177499EE00CD606A /* Helpers */ = {
			isa = PBXGroup;
			children = (
			);
			path = Helpers;
			sourceTree = "<group>";
		};
		FB1CBFA517749A1900CD606A /* Classes */ = {
			isa = PBXGroup;
			children = (
				FB1CBFA3177499D700CD606A /* AppDelegate */,
				FB043348176B247C002EA25D /* Controllers */,
				FB1CBFA11774994F00CD606A /* Models */,
				FB1CBFA21774996B00CD606A /* Views */,
				FB1CBFA4177499EE00CD606A /* Helpers */,
			);
			path = Classes;
			sourceTree = SOURCE_ROOT;
		};
		FB5E372B1773472E00FB7CD3 /* VDKQueue */ = {
			isa = PBXGroup;
			children = (
				FB5E372C1773472E00FB7CD3 /* README.md */,
				FB5E372D1773472E00FB7CD3 /* VDKQueue.h */,
				FB5E372E1773472E00FB7CD3 /* VDKQueue.m */,
			);
			path = VDKQueue;
			sourceTree = "<group>";
		};
		FB5E373117734BBC00FB7CD3 /* Resources */ = {
			isa = PBXGroup;
			children = (
				FB5E3713177291DC00FB7CD3 /* Launchpad.icns */,
			);
			path = Resources;
			sourceTree = "<group>";
		};
/* End PBXGroup section */

/* Begin PBXNativeTarget section */
		FB04333D176B247C002EA25D /* Deskboard */ = {
			isa = PBXNativeTarget;
			buildConfigurationList = FB04335C176B247D002EA25D /* Build configuration list for PBXNativeTarget "Deskboard" */;
			buildPhases = (
				FB04333A176B247C002EA25D /* Sources */,
				FB04333B176B247C002EA25D /* Frameworks */,
				FB04333C176B247C002EA25D /* Resources */,
			);
			buildRules = (
			);
			dependencies = (
			);
			name = Deskboard;
			productName = deskboard;
			productReference = FB04333E176B247C002EA25D /* Deskboard.app */;
			productType = "com.apple.product-type.application";
		};
/* End PBXNativeTarget section */

/* Begin PBXProject section */
		FB043335176B247C002EA25D /* Project object */ = {
			isa = PBXProject;
			attributes = {
				LastUpgradeCheck = 0450;
				ORGANIZATIONNAME = "Jeremy Trufier";
			};
			buildConfigurationList = FB043338176B247C002EA25D /* Build configuration list for PBXProject "Deskboard" */;
			compatibilityVersion = "Xcode 3.2";
			developmentRegion = English;
			hasScannedForEncodings = 0;
			knownRegions = (
				en,
			);
			mainGroup = FB043333176B247C002EA25D;
			productRefGroup = FB04333F176B247C002EA25D /* Products */;
			projectDirPath = "";
			projectRoot = "";
			targets = (
				FB04333D176B247C002EA25D /* Deskboard */,
			);
		};
/* End PBXProject section */

/* Begin PBXResourcesBuildPhase section */
		FB04333C176B247C002EA25D /* Resources */ = {
			isa = PBXResourcesBuildPhase;
			buildActionMask = 2147483647;
			files = (
				FB04334D176B247C002EA25D /* InfoPlist.strings in Resources */,
				FB043353176B247C002EA25D /* Credits.rtf in Resources */,
				FB1A3625176B9BE00011BE33 /* README.md in Resources */,
				FB5E3714177291DD00FB7CD3 /* Launchpad.icns in Resources */,
				FB5E372F1773472E00FB7CD3 /* README.md in Resources */,
			);
			runOnlyForDeploymentPostprocessing = 0;
		};
/* End PBXResourcesBuildPhase section */

/* Begin PBXSourcesBuildPhase section */
		FB04333A176B247C002EA25D /* Sources */ = {
			isa = PBXSourcesBuildPhase;
			buildActionMask = 2147483647;
			files = (
				FB04334F176B247C002EA25D /* main.m in Sources */,
				FB043356176B247C002EA25D /* AppDelegate.m in Sources */,
				FB043373176B3D59002EA25D /* ViewController.m in Sources */,
				FB1A3626176B9BE00011BE33 /* ZIMDbConnection.m in Sources */,
				FB1A3627176B9BE00011BE33 /* ZIMDbConnectionPool.m in Sources */,
				FB1A3628176B9BE00011BE33 /* NSString+ZIMString.m in Sources */,
				FB1A3629176B9BE00011BE33 /* ZIMOrmModel.m in Sources */,
				FB1A362A176B9BE00011BE33 /* ZIMOrmSelectStatement.m in Sources */,
				FB1A362B176B9BE00011BE33 /* ZIMSqlAlterTableStatement.m in Sources */,
				FB1A362C176B9BE00011BE33 /* ZIMSqlAnalyzeStatement.m in Sources */,
				FB1A362D176B9BE00011BE33 /* ZIMSqlAttachStatement.m in Sources */,
				FB1A362E176B9BE00011BE33 /* ZIMSqlCreateIndexStatement.m in Sources */,
				FB1A362F176B9BE00011BE33 /* ZIMSqlCreateTableStatement.m in Sources */,
				FB1A3630176B9BE00011BE33 /* ZIMSqlCreateTriggerStatement.m in Sources */,
				FB1A3631176B9BE00011BE33 /* ZIMSqlCreateViewStatement.m in Sources */,
				FB1A3632176B9BE00011BE33 /* ZIMSqlDeleteStatement.m in Sources */,
				FB1A3633176B9BE00011BE33 /* ZIMSqlDetachStatement.m in Sources */,
				FB1A3634176B9BE00011BE33 /* ZIMSqlDropIndexStatement.m in Sources */,
				FB1A3635176B9BE00011BE33 /* ZIMSqlDropTableStatement.m in Sources */,
				FB1A3636176B9BE00011BE33 /* ZIMSqlDropTriggerStatement.m in Sources */,
				FB1A3637176B9BE00011BE33 /* ZIMSqlDropViewStatement.m in Sources */,
				FB1A3638176B9BE00011BE33 /* ZIMSqlExplainStatement.m in Sources */,
				FB1A3639176B9BE00011BE33 /* ZIMSqlExpression.m in Sources */,
				FB1A363A176B9BE00011BE33 /* ZIMSqlInsertStatement.m in Sources */,
				FB1A363B176B9BE00011BE33 /* ZIMSqlPreparedStatement.m in Sources */,
				FB1A363C176B9BE00011BE33 /* ZIMSqlReindexStatement.m in Sources */,
				FB1A363D176B9BE00011BE33 /* ZIMSqlSelectStatement.m in Sources */,
				FB1A363E176B9BE00011BE33 /* ZIMSqlShowColumnsStatement.m in Sources */,
				FB1A363F176B9BE00011BE33 /* ZIMSqlShowGrantsStatement.m in Sources */,
				FB1A3640176B9BE00011BE33 /* ZIMSqlShowTablesStatement.m in Sources */,
				FB1A3641176B9BE00011BE33 /* ZIMSqlShowTriggersStatement.m in Sources */,
				FB1A3642176B9BE00011BE33 /* ZIMSqlShowViewsStatement.m in Sources */,
				FB1A3643176B9BE00011BE33 /* ZIMSqlTokenizer.m in Sources */,
				FB1A3644176B9BE00011BE33 /* ZIMSqlTruncateTableStatement.m in Sources */,
				FB1A3645176B9BE00011BE33 /* ZIMSqlUpdateStatement.m in Sources */,
				FB1A3646176B9BE00011BE33 /* ZIMSqlUpsertStatement.m in Sources */,
				FB1A3647176B9BE00011BE33 /* ZIMMessageDigest.m in Sources */,
				FB1A364F176B9C7D0011BE33 /* LaunchpadDatabase.m in Sources */,
				FB5E37301773472E00FB7CD3 /* VDKQueue.m in Sources */,
				FB9E7F4A17749B9E00E17994 /* ScrollView.m in Sources */,
			);
			runOnlyForDeploymentPostprocessing = 0;
		};
/* End PBXSourcesBuildPhase section */

/* Begin PBXVariantGroup section */
		FB04334B176B247C002EA25D /* InfoPlist.strings */ = {
			isa = PBXVariantGroup;
			children = (
				FB04334C176B247C002EA25D /* en */,
			);
			name = InfoPlist.strings;
			sourceTree = "<group>";
		};
		FB043351176B247C002EA25D /* Credits.rtf */ = {
			isa = PBXVariantGroup;
			children = (
				FB043352176B247C002EA25D /* en */,
			);
			name = Credits.rtf;
			sourceTree = "<group>";
		};
/* End PBXVariantGroup section */

/* Begin XCBuildConfiguration section */
		FB04335A176B247D002EA25D /* Debug */ = {
			isa = XCBuildConfiguration;
			buildSettings = {
				ALWAYS_SEARCH_USER_PATHS = NO;
				ARCHS = "$(ARCHS_STANDARD_64_BIT)";
				CLANG_CXX_LANGUAGE_STANDARD = "gnu++0x";
				CLANG_CXX_LIBRARY = "libc++";
				CLANG_ENABLE_OBJC_ARC = YES;
				CLANG_WARN_EMPTY_BODY = YES;
				CLANG_WARN__DUPLICATE_METHOD_MATCH = YES;
				COPY_PHASE_STRIP = NO;
				GCC_C_LANGUAGE_STANDARD = gnu99;
				GCC_DYNAMIC_NO_PIC = NO;
				GCC_ENABLE_OBJC_EXCEPTIONS = YES;
				GCC_OPTIMIZATION_LEVEL = 0;
				GCC_PREPROCESSOR_DEFINITIONS = (
					"DEBUG=1",
					"$(inherited)",
				);
				GCC_SYMBOLS_PRIVATE_EXTERN = NO;
				GCC_WARN_64_TO_32_BIT_CONVERSION = YES;
				GCC_WARN_ABOUT_RETURN_TYPE = YES;
				GCC_WARN_UNINITIALIZED_AUTOS = YES;
				GCC_WARN_UNUSED_VARIABLE = YES;
				MACOSX_DEPLOYMENT_TARGET = 10.8;
				ONLY_ACTIVE_ARCH = YES;
				SDKROOT = macosx;
			};
			name = Debug;
		};
		FB04335B176B247D002EA25D /* Release */ = {
			isa = XCBuildConfiguration;
			buildSettings = {
				ALWAYS_SEARCH_USER_PATHS = NO;
				ARCHS = "$(ARCHS_STANDARD_64_BIT)";
				CLANG_CXX_LANGUAGE_STANDARD = "gnu++0x";
				CLANG_CXX_LIBRARY = "libc++";
				CLANG_ENABLE_OBJC_ARC = YES;
				CLANG_WARN_EMPTY_BODY = YES;
				CLANG_WARN__DUPLICATE_METHOD_MATCH = YES;
				COPY_PHASE_STRIP = YES;
				DEBUG_INFORMATION_FORMAT = "dwarf-with-dsym";
				GCC_C_LANGUAGE_STANDARD = gnu99;
				GCC_ENABLE_OBJC_EXCEPTIONS = YES;
				GCC_WARN_64_TO_32_BIT_CONVERSION = YES;
				GCC_WARN_ABOUT_RETURN_TYPE = YES;
				GCC_WARN_UNINITIALIZED_AUTOS = YES;
				GCC_WARN_UNUSED_VARIABLE = YES;
				MACOSX_DEPLOYMENT_TARGET = 10.8;
				SDKROOT = macosx;
			};
			name = Release;
		};
		FB04335D176B247D002EA25D /* Debug */ = {
			isa = XCBuildConfiguration;
			buildSettings = {
				COMBINE_HIDPI_IMAGES = YES;
				GCC_PRECOMPILE_PREFIX_HEADER = YES;
				GCC_PREFIX_HEADER = "Supporting Files/Deskboard-Prefix.pch";
				INFOPLIST_FILE = "Supporting Files/Deskboard-Info.plist";
				MACOSX_DEPLOYMENT_TARGET = 10.8;
				PRODUCT_NAME = Deskboard;
				WRAPPER_EXTENSION = app;
			};
			name = Debug;
		};
		FB04335E176B247D002EA25D /* Release */ = {
			isa = XCBuildConfiguration;
			buildSettings = {
				COMBINE_HIDPI_IMAGES = YES;
				GCC_PRECOMPILE_PREFIX_HEADER = YES;
				GCC_PREFIX_HEADER = "Supporting Files/Deskboard-Prefix.pch";
				INFOPLIST_FILE = "Supporting Files/Deskboard-Info.plist";
				MACOSX_DEPLOYMENT_TARGET = 10.8;
				PRODUCT_NAME = Deskboard;
				WRAPPER_EXTENSION = app;
			};
			name = Release;
		};
/* End XCBuildConfiguration section */

/* Begin XCConfigurationList section */
		FB043338176B247C002EA25D /* Build configuration list for PBXProject "Deskboard" */ = {
			isa = XCConfigurationList;
			buildConfigurations = (
				FB04335A176B247D002EA25D /* Debug */,
				FB04335B176B247D002EA25D /* Release */,
			);
			defaultConfigurationIsVisible = 0;
			defaultConfigurationName = Release;
		};
		FB04335C176B247D002EA25D /* Build configuration list for PBXNativeTarget "Deskboard" */ = {
			isa = XCConfigurationList;
			buildConfigurations = (
				FB04335D176B247D002EA25D /* Debug */,
				FB04335E176B247D002EA25D /* Release */,
			);
			defaultConfigurationIsVisible = 0;
			defaultConfigurationName = Release;
		};
/* End XCConfigurationList section */
	};
	rootObject = FB043335176B247C002EA25D /* Project object */;
}
